{
  "name": "zipobject",
  "lockfileVersion": 3,
  "requires": true,
  "packages": {
    "": {
      "dependencies": {
        "sponsorflare": "^0.2.5"
      }
    },
    "node_modules/sponsorflare": {
      "version": "0.2.5",
      "resolved": "https://registry.npmjs.org/sponsorflare/-/sponsorflare-0.2.5.tgz",
      "integrity": "sha512-ipQ4mda857nGLJPWStdAZ9b6igrIfCdxKgnp+A3jzJ3lSGpre8wobD4yBacGAY1bJ2WbwzKFQrYrTK6RF1LRrQ=="
    }
  }
}
