{
  "name": "zipobject",
  "lockfileVersion": 3,
  "requires": true,
  "packages": {
    "": {
      "dependencies": {
        "sponsorflare": "^0.2.3"
      }
    },
    "node_modules/sponsorflare": {
      "version": "0.2.3",
      "resolved": "https://registry.npmjs.org/sponsorflare/-/sponsorflare-0.2.3.tgz",
      "integrity": "sha512-JFoaGrV1sWh0wDxvRow+122M1dQaXXpcJdPOPpM8TzBXqrRVVEUAFRmgbcaSEVW8bhz4UAt3LPONcMp0ovT9vA=="
    }
  }
}
